// !$*UTF8*$!
{
	archiveVersion = 1;
	classes = {
	};
	objectVersion = 46;
	objects = {

/* Begin PBXBuildFile section */
		B05B149C1F271026009A918D /* main.m in Sources */ = {isa = PBXBuildFile; fileRef = B05B149B1F271026009A918D /* main.m */; };
		B05B149F1F271026009A918D /* AppDelegate.m in Sources */ = {isa = PBXBuildFile; fileRef = B05B149E1F271026009A918D /* AppDelegate.m */; };
		B05B14A21F271026009A918D /* ViewController.m in Sources */ = {isa = PBXBuildFile; fileRef = B05B14A11F271026009A918D /* ViewController.m */; };
		B05B14A51F271026009A918D /* Main.storyboard in Resources */ = {isa = PBXBuildFile; fileRef = B05B14A31F271026009A918D /* Main.storyboard */; };
		B05B14A71F271026009A918D /* Assets.xcassets in Resources */ = {isa = PBXBuildFile; fileRef = B05B14A61F271026009A918D /* Assets.xcassets */; };
		B05B14AA1F271026009A918D /* LaunchScreen.storyboard in Resources */ = {isa = PBXBuildFile; fileRef = B05B14A81F271026009A918D /* LaunchScreen.storyboard */; };
		B07006C21F29C87B00220BDC /* STBaseRequest.m in Sources */ = {isa = PBXBuildFile; fileRef = B07006BD1F29C87B00220BDC /* STBaseRequest.m */; };
		B07006C31F29C87B00220BDC /* STNetworkAgent.m in Sources */ = {isa = PBXBuildFile; fileRef = B07006BF1F29C87B00220BDC /* STNetworkAgent.m */; };
		B07006C41F29C87B00220BDC /* STNetworkConfig.m in Sources */ = {isa = PBXBuildFile; fileRef = B07006C11F29C87B00220BDC /* STNetworkConfig.m */; };
		B07006C71F29C88500220BDC /* TestRequest.m in Sources */ = {isa = PBXBuildFile; fileRef = B07006C61F29C88500220BDC /* TestRequest.m */; };
		C83B88D208B6D8F7569401E7 /* libPods-STNetworkDemo.a in Frameworks */ = {isa = PBXBuildFile; fileRef = B0F02C785FB3F4367E5AFA54 /* libPods-STNetworkDemo.a */; };
/* End PBXBuildFile section */

/* Begin PBXFileReference section */
		3CDC3521565FD7FDB1EEDA63 /* Pods-STNetworkDemo.release.xcconfig */ = {isa = PBXFileReference; includeInIndex = 1; lastKnownFileType = text.xcconfig; name = "Pods-STNetworkDemo.release.xcconfig"; path = "Pods/Target Support Files/Pods-STNetworkDemo/Pods-STNetworkDemo.release.xcconfig"; sourceTree = "<group>"; };
		B05B14971F271026009A918D /* STNetworkDemo.app */ = {isa = PBXFileReference; explicitFileType = wrapper.application; includeInIndex = 0; path = STNetworkDemo.app; sourceTree = BUILT_PRODUCTS_DIR; };
		B05B149B1F271026009A918D /* main.m */ = {isa = PBXFileReference; lastKnownFileType = sourcecode.c.objc; path = main.m; sourceTree = "<group>"; };
		B05B149D1F271026009A918D /* AppDelegate.h */ = {isa = PBXFileReference; lastKnownFileType = sourcecode.c.h; path = AppDelegate.h; sourceTree = "<group>"; };
		B05B149E1F271026009A918D /* AppDelegate.m */ = {isa = PBXFileReference; lastKnownFileType = sourcecode.c.objc; path = AppDelegate.m; sourceTree = "<group>"; };
		B05B14A01F271026009A918D /* ViewController.h */ = {isa = PBXFileReference; lastKnownFileType = sourcecode.c.h; path = ViewController.h; sourceTree = "<group>"; };
		B05B14A11F271026009A918D /* ViewController.m */ = {isa = PBXFileReference; lastKnownFileType = sourcecode.c.objc; path = ViewController.m; sourceTree = "<group>"; };
		B05B14A41F271026009A918D /* Base */ = {isa = PBXFileReference; lastKnownFileType = file.storyboard; name = Base; path = Base.lproj/Main.storyboard; sourceTree = "<group>"; };
		B05B14A61F271026009A918D /* Assets.xcassets */ = {isa = PBXFileReference; lastKnownFileType = folder.assetcatalog; path = Assets.xcassets; sourceTree = "<group>"; };
		B05B14A91F271026009A918D /* Base */ = {isa = PBXFileReference; lastKnownFileType = file.storyboard; name = Base; path = Base.lproj/LaunchScreen.storyboard; sourceTree = "<group>"; };
		B05B14AB1F271026009A918D /* Info.plist */ = {isa = PBXFileReference; lastKnownFileType = text.plist.xml; path = Info.plist; sourceTree = "<group>"; };
		B07006BC1F29C87B00220BDC /* STBaseRequest.h */ = {isa = PBXFileReference; fileEncoding = 4; lastKnownFileType = sourcecode.c.h; path = STBaseRequest.h; sourceTree = "<group>"; };
		B07006BD1F29C87B00220BDC /* STBaseRequest.m */ = {isa = PBXFileReference; fileEncoding = 4; lastKnownFileType = sourcecode.c.objc; path = STBaseRequest.m; sourceTree = "<group>"; };
		B07006BE1F29C87B00220BDC /* STNetworkAgent.h */ = {isa = PBXFileReference; fileEncoding = 4; lastKnownFileType = sourcecode.c.h; path = STNetworkAgent.h; sourceTree = "<group>"; };
		B07006BF1F29C87B00220BDC /* STNetworkAgent.m */ = {isa = PBXFileReference; fileEncoding = 4; lastKnownFileType = sourcecode.c.objc; path = STNetworkAgent.m; sourceTree = "<group>"; };
		B07006C01F29C87B00220BDC /* STNetworkConfig.h */ = {isa = PBXFileReference; fileEncoding = 4; lastKnownFileType = sourcecode.c.h; path = STNetworkConfig.h; sourceTree = "<group>"; };
		B07006C11F29C87B00220BDC /* STNetworkConfig.m */ = {isa = PBXFileReference; fileEncoding = 4; lastKnownFileType = sourcecode.c.objc; path = STNetworkConfig.m; sourceTree = "<group>"; };
		B07006C51F29C88500220BDC /* TestRequest.h */ = {isa = PBXFileReference; fileEncoding = 4; lastKnownFileType = sourcecode.c.h; path = TestRequest.h; sourceTree = "<group>"; };
		B07006C61F29C88500220BDC /* TestRequest.m */ = {isa = PBXFileReference; fileEncoding = 4; lastKnownFileType = sourcecode.c.objc; path = TestRequest.m; sourceTree = "<group>"; };
		B0F02C785FB3F4367E5AFA54 /* libPods-STNetworkDemo.a */ = {isa = PBXFileReference; explicitFileType = archive.ar; includeInIndex = 0; path = "libPods-STNetworkDemo.a"; sourceTree = BUILT_PRODUCTS_DIR; };
		F18A0C8C936B454D9E390500 /* Pods-STNetworkDemo.debug.xcconfig */ = {isa = PBXFileReference; includeInIndex = 1; lastKnownFileType = text.xcconfig; name = "Pods-STNetworkDemo.debug.xcconfig"; path = "Pods/Target Support Files/Pods-STNetworkDemo/Pods-STNetworkDemo.debug.xcconfig"; sourceTree = "<group>"; };
/* End PBXFileReference section */

/* Begin PBXFrameworksBuildPhase section */
		B05B14941F271026009A918D /* Frameworks */ = {
			isa = PBXFrameworksBuildPhase;
			buildActionMask = 2147483647;
			files = (
				C83B88D208B6D8F7569401E7 /* libPods-STNetworkDemo.a in Frameworks */,
			);
			runOnlyForDeploymentPostprocessing = 0;
		};
/* End PBXFrameworksBuildPhase section */

/* Begin PBXGroup section */
		645E63398C8FEF70592C9C8D /* Frameworks */ = {
			isa = PBXGroup;
			children = (
				B0F02C785FB3F4367E5AFA54 /* libPods-STNetworkDemo.a */,
			);
			name = Frameworks;
			sourceTree = "<group>";
		};
		B05B148E1F271026009A918D = {
			isa = PBXGroup;
			children = (
				B05B14B11F271080009A918D /* STNetwork */,
				B05B14991F271026009A918D /* STNetworkDemo */,
				B05B14981F271026009A918D /* Products */,
				DC8B0CD80C7A4104E00891D6 /* Pods */,
				645E63398C8FEF70592C9C8D /* Frameworks */,
			);
			sourceTree = "<group>";
		};
		B05B14981F271026009A918D /* Products */ = {
			isa = PBXGroup;
			children = (
				B05B14971F271026009A918D /* STNetworkDemo.app */,
			);
			name = Products;
			sourceTree = "<group>";
		};
		B05B14991F271026009A918D /* STNetworkDemo */ = {
			isa = PBXGroup;
			children = (
				B07006C51F29C88500220BDC /* TestRequest.h */,
				B07006C61F29C88500220BDC /* TestRequest.m */,
				B05B149D1F271026009A918D /* AppDelegate.h */,
				B05B149E1F271026009A918D /* AppDelegate.m */,
				B05B14A01F271026009A918D /* ViewController.h */,
				B05B14A11F271026009A918D /* ViewController.m */,
				B05B14A31F271026009A918D /* Main.storyboard */,
				B05B14A61F271026009A918D /* Assets.xcassets */,
				B05B14A81F271026009A918D /* LaunchScreen.storyboard */,
				B05B14AB1F271026009A918D /* Info.plist */,
				B05B149A1F271026009A918D /* Supporting Files */,
			);
			path = STNetworkDemo;
			sourceTree = "<group>";
		};
		B05B149A1F271026009A918D /* Supporting Files */ = {
			isa = PBXGroup;
			children = (
				B05B149B1F271026009A918D /* main.m */,
			);
			name = "Supporting Files";
			sourceTree = "<group>";
		};
		B05B14B11F271080009A918D /* STNetwork */ = {
			isa = PBXGroup;
			children = (
				B07006BC1F29C87B00220BDC /* STBaseRequest.h */,
				B07006BD1F29C87B00220BDC /* STBaseRequest.m */,
				B07006BE1F29C87B00220BDC /* STNetworkAgent.h */,
				B07006BF1F29C87B00220BDC /* STNetworkAgent.m */,
				B07006C01F29C87B00220BDC /* STNetworkConfig.h */,
				B07006C11F29C87B00220BDC /* STNetworkConfig.m */,
			);
			path = STNetwork;
			sourceTree = "<group>";
		};
		DC8B0CD80C7A4104E00891D6 /* Pods */ = {
			isa = PBXGroup;
			children = (
				F18A0C8C936B454D9E390500 /* Pods-STNetworkDemo.debug.xcconfig */,
				3CDC3521565FD7FDB1EEDA63 /* Pods-STNetworkDemo.release.xcconfig */,
			);
			name = Pods;
			sourceTree = "<group>";
		};
/* End PBXGroup section */

/* Begin PBXNativeTarget section */
		B05B14961F271026009A918D /* STNetworkDemo */ = {
			isa = PBXNativeTarget;
			buildConfigurationList = B05B14AE1F271026009A918D /* Build configuration list for PBXNativeTarget "STNetworkDemo" */;
			buildPhases = (
				DA994CDF5D7F26E12D436C1A /* [CP] Check Pods Manifest.lock */,
				B05B14931F271026009A918D /* Sources */,
				B05B14941F271026009A918D /* Frameworks */,
				B05B14951F271026009A918D /* Resources */,
				0198729BBA0F6FEBB3EB4809 /* [CP] Embed Pods Frameworks */,
				9F16DE8B792739007A76B319 /* [CP] Copy Pods Resources */,
			);
			buildRules = (
			);
			dependencies = (
			);
			name = STNetworkDemo;
			productName = STNetworkDemo;
			productReference = B05B14971F271026009A918D /* STNetworkDemo.app */;
			productType = "com.apple.product-type.application";
		};
/* End PBXNativeTarget section */

/* Begin PBXProject section */
		B05B148F1F271026009A918D /* Project object */ = {
			isa = PBXProject;
			attributes = {
				LastUpgradeCheck = 0830;
				ORGANIZATIONNAME = ist;
				TargetAttributes = {
					B05B14961F271026009A918D = {
						CreatedOnToolsVersion = 8.3;
						ProvisioningStyle = Manual;
					};
				};
			};
			buildConfigurationList = B05B14921F271026009A918D /* Build configuration list for PBXProject "STNetworkDemo" */;
			compatibilityVersion = "Xcode 3.2";
			developmentRegion = English;
			hasScannedForEncodings = 0;
			knownRegions = (
				en,
				Base,
			);
			mainGroup = B05B148E1F271026009A918D;
			productRefGroup = B05B14981F271026009A918D /* Products */;
			projectDirPath = "";
			projectRoot = "";
			targets = (
				B05B14961F271026009A918D /* STNetworkDemo */,
			);
		};
/* End PBXProject section */

/* Begin PBXResourcesBuildPhase section */
		B05B14951F271026009A918D /* Resources */ = {
			isa = PBXResourcesBuildPhase;
			buildActionMask = 2147483647;
			files = (
				B05B14AA1F271026009A918D /* LaunchScreen.storyboard in Resources */,
				B05B14A71F271026009A918D /* Assets.xcassets in Resources */,
				B05B14A51F271026009A918D /* Main.storyboard in Resources */,
			);
			runOnlyForDeploymentPostprocessing = 0;
		};
/* End PBXResourcesBuildPhase section */

/* Begin PBXShellScriptBuildPhase section */
		0198729BBA0F6FEBB3EB4809 /* [CP] Embed Pods Frameworks */ = {
			isa = PBXShellScriptBuildPhase;
			buildActionMask = 2147483647;
			files = (
			);
			inputPaths = (
			);
			name = "[CP] Embed Pods Frameworks";
			outputPaths = (
			);
			runOnlyForDeploymentPostprocessing = 0;
			shellPath = /bin/sh;
			shellScript = "\"${SRCROOT}/Pods/Target Support Files/Pods-STNetworkDemo/Pods-STNetworkDemo-frameworks.sh\"\n";
			showEnvVarsInLog = 0;
		};
		9F16DE8B792739007A76B319 /* [CP] Copy Pods Resources */ = {
			isa = PBXShellScriptBuildPhase;
			buildActionMask = 2147483647;
			files = (
			);
			inputPaths = (
			);
			name = "[CP] Copy Pods Resources";
			outputPaths = (
			);
			runOnlyForDeploymentPostprocessing = 0;
			shellPath = /bin/sh;
			shellScript = "\"${SRCROOT}/Pods/Target Support Files/Pods-STNetworkDemo/Pods-STNetworkDemo-resources.sh\"\n";
			showEnvVarsInLog = 0;
		};
		DA994CDF5D7F26E12D436C1A /* [CP] Check Pods Manifest.lock */ = {
			isa = PBXShellScriptBuildPhase;
			buildActionMask = 2147483647;
			files = (
			);
			inputPaths = (
			);
			name = "[CP] Check Pods Manifest.lock";
			outputPaths = (
			);
			runOnlyForDeploymentPostprocessing = 0;
			shellPath = /bin/sh;
			shellScript = "diff \"${PODS_PODFILE_DIR_PATH}/Podfile.lock\" \"${PODS_ROOT}/Manifest.lock\" > /dev/null\nif [ $? != 0 ] ; then\n    # print error to STDERR\n    echo \"error: The sandbox is not in sync with the Podfile.lock. Run 'pod install' or update your CocoaPods installation.\" >&2\n    exit 1\nfi\n";
			showEnvVarsInLog = 0;
		};
/* End PBXShellScriptBuildPhase section */

/* Begin PBXSourcesBuildPhase section */
		B05B14931F271026009A918D /* Sources */ = {
			isa = PBXSourcesBuildPhase;
			buildActionMask = 2147483647;
			files = (
				B07006C31F29C87B00220BDC /* STNetworkAgent.m in Sources */,
				B05B14A21F271026009A918D /* ViewController.m in Sources */,
				B07006C21F29C87B00220BDC /* STBaseRequest.m in Sources */,
				B07006C41F29C87B00220BDC /* STNetworkConfig.m in Sources */,
				B05B149F1F271026009A918D /* AppDelegate.m in Sources */,
				B07006C71F29C88500220BDC /* TestRequest.m in Sources */,
				B05B149C1F271026009A918D /* main.m in Sources */,
			);
			runOnlyForDeploymentPostprocessing = 0;
		};
/* End PBXSourcesBuildPhase section */

/* Begin PBXVariantGroup section */
		B05B14A31F271026009A918D /* Main.storyboard */ = {
			isa = PBXVariantGroup;
			children = (
				B05B14A41F271026009A918D /* Base */,
			);
			name = Main.storyboard;
			sourceTree = "<group>";
		};
		B05B14A81F271026009A918D /* LaunchScreen.storyboard */ = {
			isa = PBXVariantGroup;
			children = (
				B05B14A91F271026009A918D /* Base */,
			);
			name = LaunchScreen.storyboard;
			sourceTree = "<group>";
		};
/* End PBXVariantGroup section */

/* Begin XCBuildConfiguration section */
		B05B14AC1F271026009A918D /* Debug */ = {
			isa = XCBuildConfiguration;
			buildSettings = {
				ALWAYS_SEARCH_USER_PATHS = NO;
				CLANG_ANALYZER_NONNULL = YES;
				CLANG_ANALYZER_NUMBER_OBJECT_CONVERSION = YES_AGGRESSIVE;
				CLANG_CXX_LANGUAGE_STANDARD = "gnu++0x";
				CLANG_CXX_LIBRARY = "libc++";
				CLANG_ENABLE_MODULES = YES;
				CLANG_ENABLE_OBJC_ARC = YES;
				CLANG_WARN_BOOL_CONVERSION = YES;
				CLANG_WARN_CONSTANT_CONVERSION = YES;
				CLANG_WARN_DIRECT_OBJC_ISA_USAGE = YES_ERROR;
				CLANG_WARN_DOCUMENTATION_COMMENTS = YES;
				CLANG_WARN_EMPTY_BODY = YES;
				CLANG_WARN_ENUM_CONVERSION = YES;
				CLANG_WARN_INFINITE_RECURSION = YES;
				CLANG_WARN_INT_CONVERSION = YES;
				CLANG_WARN_OBJC_ROOT_CLASS = YES_ERROR;
				CLANG_WARN_SUSPICIOUS_MOVE = YES;
				CLANG_WARN_UNREACHABLE_CODE = YES;
				CLANG_WARN__DUPLICATE_METHOD_MATCH = YES;
				"CODE_SIGN_IDENTITY[sdk=iphoneos*]" = "iPhone Developer";
				COPY_PHASE_STRIP = NO;
				DEBUG_INFORMATION_FORMAT = dwarf;
				ENABLE_STRICT_OBJC_MSGSEND = YES;
				ENABLE_TESTABILITY = YES;
				GCC_C_LANGUAGE_STANDARD = gnu99;
				GCC_DYNAMIC_NO_PIC = NO;
				GCC_NO_COMMON_BLOCKS = YES;
				GCC_OPTIMIZATION_LEVEL = 0;
				GCC_PREPROCESSOR_DEFINITIONS = (
					"DEBUG=1",
					"$(inherited)",
				);
				GCC_WARN_64_TO_32_BIT_CONVERSION = YES;
				GCC_WARN_ABOUT_RETURN_TYPE = YES_ERROR;
				GCC_WARN_UNDECLARED_SELECTOR = YES;
				GCC_WARN_UNINITIALIZED_AUTOS = YES_AGGRESSIVE;
				GCC_WARN_UNUSED_FUNCTION = YES;
				GCC_WARN_UNUSED_VARIABLE = YES;
				IPHONEOS_DEPLOYMENT_TARGET = 10.3;
				MTL_ENABLE_DEBUG_INFO = YES;
				ONLY_ACTIVE_ARCH = YES;
				SDKROOT = iphoneos;
			};
			name = Debug;
		};
		B05B14AD1F271026009A918D /* Release */ = {
			isa = XCBuildConfiguration;
			buildSettings = {
				ALWAYS_SEARCH_USER_PATHS = NO;
				CLANG_ANALYZER_NONNULL = YES;
				CLANG_ANALYZER_NUMBER_OBJECT_CONVERSION = YES_AGGRESSIVE;
				CLANG_CXX_LANGUAGE_STANDARD = "gnu++0x";
				CLANG_CXX_LIBRARY = "libc++";
				CLANG_ENABLE_MODULES = YES;
				CLANG_ENABLE_OBJC_ARC = YES;
				CLANG_WARN_BOOL_CONVERSION = YES;
				CLANG_WARN_CONSTANT_CONVERSION = YES;
				CLANG_WARN_DIRECT_OBJC_ISA_USAGE = YES_ERROR;
				CLANG_WARN_DOCUMENTATION_COMMENTS = YES;
				CLANG_WARN_EMPTY_BODY = YES;
				CLANG_WARN_ENUM_CONVERSION = YES;
				CLANG_WARN_INFINITE_RECURSION = YES;
				CLANG_WARN_INT_CONVERSION = YES;
				CLANG_WARN_OBJC_ROOT_CLASS = YES_ERROR;
				CLANG_WARN_SUSPICIOUS_MOVE = YES;
				CLANG_WARN_UNREACHABLE_CODE = YES;
				CLANG_WARN__DUPLICATE_METHOD_MATCH = YES;
				"CODE_SIGN_IDENTITY[sdk=iphoneos*]" = "iPhone Developer";
				COPY_PHASE_STRIP = NO;
				DEBUG_INFORMATION_FORMAT = "dwarf-with-dsym";
				ENABLE_NS_ASSERTIONS = NO;
				ENABLE_STRICT_OBJC_MSGSEND = YES;
				GCC_C_LANGUAGE_STANDARD = gnu99;
				GCC_NO_COMMON_BLOCKS = YES;
				GCC_WARN_64_TO_32_BIT_CONVERSION = YES;
				GCC_WARN_ABOUT_RETURN_TYPE = YES_ERROR;
				GCC_WARN_UNDECLARED_SELECTOR = YES;
				GCC_WARN_UNINITIALIZED_AUTOS = YES_AGGRESSIVE;
				GCC_WARN_UNUSED_FUNCTION = YES;
				GCC_WARN_UNUSED_VARIABLE = YES;
				IPHONEOS_DEPLOYMENT_TARGET = 10.3;
				MTL_ENABLE_DEBUG_INFO = NO;
				SDKROOT = iphoneos;
				VALIDATE_PRODUCT = YES;
			};
			name = Release;
		};
		B05B14AF1F271026009A918D /* Debug */ = {
			isa = XCBuildConfiguration;
			baseConfigurationReference = F18A0C8C936B454D9E390500 /* Pods-STNetworkDemo.debug.xcconfig */;
			buildSettings = {
				ASSETCATALOG_COMPILER_APPICON_NAME = AppIcon;
				CODE_SIGN_IDENTITY = "iPhone Developer: qiang li (39YT9F7UX4)";
				"CODE_SIGN_IDENTITY[sdk=iphoneos*]" = "iPhone Developer: qiang li (39YT9F7UX4)";
				DEVELOPMENT_TEAM = "";
				INFOPLIST_FILE = STNetworkDemo/Info.plist;
				LD_RUNPATH_SEARCH_PATHS = "$(inherited) @executable_path/Frameworks";
				PRODUCT_BUNDLE_IDENTIFIER = ist.com.STNetworkDemo;
				PRODUCT_NAME = "$(TARGET_NAME)";
				PROVISIONING_PROFILE = "1edc1cd3-c363-477e-b621-b832e96b2669";
				PROVISIONING_PROFILE_SPECIFIER = IOS_Developer_All;
			};
			name = Debug;
		};
		B05B14B01F271026009A918D /* Release */ = {
			isa = XCBuildConfiguration;
			baseConfigurationReference = 3CDC3521565FD7FDB1EEDA63 /* Pods-STNetworkDemo.release.xcconfig */;
			buildSettings = {
				ASSETCATALOG_COMPILER_APPICON_NAME = AppIcon;
				DEVELOPMENT_TEAM = "";
				INFOPLIST_FILE = STNetworkDemo/Info.plist;
				LD_RUNPATH_SEARCH_PATHS = "$(inherited) @executable_path/Frameworks";
				PRODUCT_BUNDLE_IDENTIFIER = ist.com.STNetworkDemo;
				PRODUCT_NAME = "$(TARGET_NAME)";
				PROVISIONING_PROFILE = "1edc1cd3-c363-477e-b621-b832e96b2669";
				PROVISIONING_PROFILE_SPECIFIER = IOS_Developer_All;
			};
			name = Release;
		};
/* End XCBuildConfiguration section */

/* Begin XCConfigurationList section */
		B05B14921F271026009A918D /* Build configuration list for PBXProject "STNetworkDemo" */ = {
			isa = XCConfigurationList;
			buildConfigurations = (
				B05B14AC1F271026009A918D /* Debug */,
				B05B14AD1F271026009A918D /* Release */,
			);
			defaultConfigurationIsVisible = 0;
			defaultConfigurationName = Release;
		};
		B05B14AE1F271026009A918D /* Build configuration list for PBXNativeTarget "STNetworkDemo" */ = {
			isa = XCConfigurationList;
			buildConfigurations = (
				B05B14AF1F271026009A918D /* Debug */,
				B05B14B01F271026009A918D /* Release */,
			);
			defaultConfigurationIsVisible = 0;
			defaultConfigurationName = Release;
		};
/* End XCConfigurationList section */
	};
	rootObject = B05B148F1F271026009A918D /* Project object */;
}
